<?xml version="1.0" encoding="utf-8"?>
<Project ToolsVersion="4.0" xmlns="http://schemas.microsoft.com/developer/msbuild/2003">
  <ItemGroup>
    <Filter Include="Source Files">
      <UniqueIdentifier>{83b69d51-7ac6-4d98-99ab-dc038feed13a}</UniqueIdentifier>
      <Extensions>c;cpp;cxx;def</Extensions>
    </Filter>
    <Filter Include="Header Files">
      <UniqueIdentifier>{dd2cf843-760b-4ca8-9b30-ab6de125f087}</UniqueIdentifier>
      <Extensions>h;hpp;hxx</Extensions>
    </Filter>
    <Filter Include="Resource Files">
      <UniqueIdentifier>{ae579078-733d-477a-9c12-561a75d79e81}</UniqueIdentifier>
      <Extensions>rc;rc2;ico;rgs;bmp</Extensions>
    </Filter>
  </ItemGroup>
  <ItemGroup>
    <Text Include="readme.txt" />
  </ItemGroup>
  <ItemGroup>
    <ClInclude Include="Signature.h">
      <Filter>Header Files</Filter>
    </ClInclude>
    <ClInclude Include="StdAfx.h">
      <Filter>Header Files</Filter>
    </ClInclude>
    <ClInclude Include="resource.h">
      <Filter>Header Files</Filter>
    </ClInclude>
  </ItemGroup>
  <ItemGroup>
    <ClCompile Include="Signature.cpp">
      <Filter>Source Files</Filter>
    </ClCompile>
    <ClCompile Include="OpenFace.cpp">
      <Filter>Source Files</Filter>
    </ClCompile>
    <ClCompile Include="StdAfx.cpp">
      <Filter>Source Files</Filter>
    </ClCompile>
  </ItemGroup>
  <ItemGroup>
    <None Include="OpenFace.def">
      <Filter>Source Files</Filter>
    </None>
  </ItemGroup>
  <ItemGroup>
    <ResourceCompile Include="OpenFace.rc">
      <Filter>Resource Files</Filter>
    </ResourceCompile>
  </ItemGroup>
  <ItemGroup>
    <Image Include="res\OpenFace.bmp">
      <Filter>Resource Files</Filter>
    </Image>
  </ItemGroup>
</Project>